
Microsoft Visual Studio Solution File, Format Version 12.00
# Visual Studio 15
Project("{FAE04EC0-301F-11D3-BF4B-00C04F79EFBC}") = "数鸡", "ji\鸡\数鸡.csproj", "{6AC42099-B3C5-4E13-8779-F0FCD24C0826}"
EndProject
Project("{FAE04EC0-301F-11D3-BF4B-00C04F79EFBC}") = "解释数据结构", "md\sa\解释数据结构.csproj", "{724D749C-136D-412C-B9EE-AF7296FF4593}"
EndProject
Project("{FAE04EC0-301F-11D3-BF4B-00C04F79EFBC}") = "TextRead", "TextRead\TextRead.csproj", "{AC547FAC-5D5B-41F5-BF23-E34124A7A4EE}"
EndProject
Project("{FAE04EC0-301F-11D3-BF4B-00C04F79EFBC}") = "计算年龄和姓氏", "计算年龄和姓氏\计算年龄和姓氏.csproj", "{33B53943-47B6-4735-BE8B-FF8E3AA061D4}"
EndProject
Project("{FAE04EC0-301F-11D3-BF4B-00C04F79EFBC}") = "扑克牌发牌", "扑克牌发牌\扑克牌发牌.csproj", "{87AAA49B-55E1-4D51-926F-FE5209D54982}"
EndProject
Project("{FAE04EC0-301F-11D3-BF4B-00C04F79EFBC}") = "二叉树计算", "二叉树计算\二叉树计算.csproj", "{ABDE680A-0222-454C-8B33-206BDC1F9E65}"
EndProject
Global
	GlobalSection(SolutionConfigurationPlatforms) = preSolution
		Debug|anycpu = Debug|anycpu
		Release|anycpu = Release|anycpu
	EndGlobalSection
	GlobalSection(ProjectConfigurationPlatforms) = postSolution
		{6AC42099-B3C5-4E13-8779-F0FCD24C0826}.Debug|anycpu.ActiveCfg = Debug|anycpu
		{6AC42099-B3C5-4E13-8779-F0FCD24C0826}.Debug|anycpu.Build.0 = Debug|anycpu
		{6AC42099-B3C5-4E13-8779-F0FCD24C0826}.Release|anycpu.ActiveCfg = Release|anycpu
		{6AC42099-B3C5-4E13-8779-F0FCD24C0826}.Release|anycpu.Build.0 = Release|anycpu
		{724D749C-136D-412C-B9EE-AF7296FF4593}.Debug|anycpu.ActiveCfg = Debug|anycpu
		{724D749C-136D-412C-B9EE-AF7296FF4593}.Debug|anycpu.Build.0 = Debug|anycpu
		{724D749C-136D-412C-B9EE-AF7296FF4593}.Release|anycpu.ActiveCfg = Release|anycpu
		{724D749C-136D-412C-B9EE-AF7296FF4593}.Release|anycpu.Build.0 = Release|anycpu
		{AC547FAC-5D5B-41F5-BF23-E34124A7A4EE}.Debug|anycpu.ActiveCfg = Debug|anycpu
		{AC547FAC-5D5B-41F5-BF23-E34124A7A4EE}.Debug|anycpu.Build.0 = Debug|anycpu
		{AC547FAC-5D5B-41F5-BF23-E34124A7A4EE}.Release|anycpu.ActiveCfg = Release|anycpu
		{AC547FAC-5D5B-41F5-BF23-E34124A7A4EE}.Release|anycpu.Build.0 = Release|anycpu
		{33B53943-47B6-4735-BE8B-FF8E3AA061D4}.Debug|anycpu.ActiveCfg = Debug|anycpu
		{33B53943-47B6-4735-BE8B-FF8E3AA061D4}.Debug|anycpu.Build.0 = Debug|anycpu
		{33B53943-47B6-4735-BE8B-FF8E3AA061D4}.Release|anycpu.ActiveCfg = Release|anycpu
		{33B53943-47B6-4735-BE8B-FF8E3AA061D4}.Release|anycpu.Build.0 = Release|anycpu
		{87AAA49B-55E1-4D51-926F-FE5209D54982}.Debug|anycpu.ActiveCfg = Debug|anycpu
		{87AAA49B-55E1-4D51-926F-FE5209D54982}.Debug|anycpu.Build.0 = Debug|anycpu
		{87AAA49B-55E1-4D51-926F-FE5209D54982}.Release|anycpu.ActiveCfg = Release|anycpu
		{87AAA49B-55E1-4D51-926F-FE5209D54982}.Release|anycpu.Build.0 = Release|anycpu
		{ABDE680A-0222-454C-8B33-206BDC1F9E65}.Debug|anycpu.ActiveCfg = Debug|anycpu
		{ABDE680A-0222-454C-8B33-206BDC1F9E65}.Debug|anycpu.Build.0 = Debug|anycpu
		{ABDE680A-0222-454C-8B33-206BDC1F9E65}.Release|anycpu.ActiveCfg = Release|anycpu
		{ABDE680A-0222-454C-8B33-206BDC1F9E65}.Release|anycpu.Build.0 = Release|anycpu
	EndGlobalSection
EndGlobal
